
Microsoft Visual Studio Solution File, Format Version 12.00
# Visual Studio Version 16
VisualStudioVersion = 16.0.30503.244
MinimumVisualStudioVersion = 15.0.26124.0
Project("{2150E333-8FDC-42A3-9474-1A3956D46DE8}") = "build", "build", "{71ABC5AB-083D-4FAB-80B8-F344BC633100}"
	ProjectSection(SolutionItems) = preProject
		Directory.Build.props = Directory.Build.props
		build\NugetPackage.Backend.props = build\NugetPackage.Backend.props
		build\NugetPackage.Common.props = build\NugetPackage.Common.props
		build\NugetPackage.props = build\NugetPackage.props
	EndProjectSection
EndProject
Project("{2150E333-8FDC-42A3-9474-1A3956D46DE8}") = "src", "src", "{37978533-6CEF-46D7-8A00-D4C403E9A1BD}"
EndProject
Project("{2150E333-8FDC-42A3-9474-1A3956D46DE8}") = "test", "test", "{ADA4B71F-A85F-44D6-969A-976C34A660A5}"
EndProject
Project("{FAE04EC0-301F-11D3-BF4B-00C04F79EFBC}") = "Tenant.Students.Abstraction", "src\StudentsAbstraction\Tenant.Students.Abstraction.csproj", "{20761690-25BC-424D-B237-ACE6E43B059D}"
EndProject
Project("{FAE04EC0-301F-11D3-BF4B-00C04F79EFBC}") = "Tenant.Groups.Abstraction", "src\GroupsAbstraction\Tenant.Groups.Abstraction.csproj", "{0888D7D0-7FB6-4BC8-8C60-2B83BBF3539E}"
EndProject
Global
	GlobalSection(SolutionConfigurationPlatforms) = preSolution
		Debug|Any CPU = Debug|Any CPU
		Release|Any CPU = Release|Any CPU
	EndGlobalSection
	GlobalSection(ProjectConfigurationPlatforms) = postSolution
		{20761690-25BC-424D-B237-ACE6E43B059D}.Debug|Any CPU.ActiveCfg = Debug|Any CPU
		{20761690-25BC-424D-B237-ACE6E43B059D}.Debug|Any CPU.Build.0 = Debug|Any CPU
		{20761690-25BC-424D-B237-ACE6E43B059D}.Release|Any CPU.ActiveCfg = Release|Any CPU
		{20761690-25BC-424D-B237-ACE6E43B059D}.Release|Any CPU.Build.0 = Release|Any CPU
		{0888D7D0-7FB6-4BC8-8C60-2B83BBF3539E}.Debug|Any CPU.ActiveCfg = Debug|Any CPU
		{0888D7D0-7FB6-4BC8-8C60-2B83BBF3539E}.Debug|Any CPU.Build.0 = Debug|Any CPU
		{0888D7D0-7FB6-4BC8-8C60-2B83BBF3539E}.Release|Any CPU.ActiveCfg = Release|Any CPU
		{0888D7D0-7FB6-4BC8-8C60-2B83BBF3539E}.Release|Any CPU.Build.0 = Release|Any CPU
	EndGlobalSection
	GlobalSection(SolutionProperties) = preSolution
		HideSolutionNode = FALSE
	EndGlobalSection
	GlobalSection(NestedProjects) = preSolution
		{20761690-25BC-424D-B237-ACE6E43B059D} = {37978533-6CEF-46D7-8A00-D4C403E9A1BD}
		{0888D7D0-7FB6-4BC8-8C60-2B83BBF3539E} = {37978533-6CEF-46D7-8A00-D4C403E9A1BD}
	EndGlobalSection
	GlobalSection(ExtensibilityGlobals) = postSolution
		SolutionGuid = {000EA67D-DBD2-448C-9B2E-6393348CC090}
	EndGlobalSection
EndGlobal
